// !$*UTF8*$!
{
	archiveVersion = 1;
	classes = {
	};
	objectVersion = 46;
	objects = {

/* Begin PBXBuildFile section */
		5F17AB121BD6C022006A9125 /* PlanetScene.swift in Sources */ = {isa = PBXBuildFile; fileRef = 5F17AB111BD6C022006A9125 /* PlanetScene.swift */; };
		5F17AB141BD6C02B006A9125 /* BattleScene.swift in Sources */ = {isa = PBXBuildFile; fileRef = 5F17AB131BD6C02B006A9125 /* BattleScene.swift */; };
		5F17AB161BD6C052006A9125 /* SpaceScene.swift in Sources */ = {isa = PBXBuildFile; fileRef = 5F17AB151BD6C052006A9125 /* SpaceScene.swift */; };
		5F17AB191BD6C128006A9125 /* PlanetLevel.swift in Sources */ = {isa = PBXBuildFile; fileRef = 5F17AB171BD6C128006A9125 /* PlanetLevel.swift */; };
		5F17AB1A1BD6C128006A9125 /* TileMap.swift in Sources */ = {isa = PBXBuildFile; fileRef = 5F17AB181BD6C128006A9125 /* TileMap.swift */; };
		5F1C40121BC9896E00034E2E /* AppDelegate.swift in Sources */ = {isa = PBXBuildFile; fileRef = 5F1C3FA31BC9896E00034E2E /* AppDelegate.swift */; };
		5F1C40131BC9896E00034E2E /* MainMenu.xib in Resources */ = {isa = PBXBuildFile; fileRef = 5F1C3FA41BC9896E00034E2E /* MainMenu.xib */; };
		5F1C40141BC9896E00034E2E /* Controller-Database.plist in Resources */ = {isa = PBXBuildFile; fileRef = 5F1C3FA71BC9896E00034E2E /* Controller-Database.plist */; };
		5F1C40151BC9896E00034E2E /* DeviceAction.swift in Sources */ = {isa = PBXBuildFile; fileRef = 5F1C3FA81BC9896E00034E2E /* DeviceAction.swift */; };
		5F1C40161BC9896E00034E2E /* DeviceConfiguration.swift in Sources */ = {isa = PBXBuildFile; fileRef = 5F1C3FA91BC9896E00034E2E /* DeviceConfiguration.swift */; };
		5F1C40171BC9896E00034E2E /* DSExtensions.swift in Sources */ = {isa = PBXBuildFile; fileRef = 5F1C3FAA1BC9896E00034E2E /* DSExtensions.swift */; };
		5F1C40181BC9896E00034E2E /* EventsController.swift in Sources */ = {isa = PBXBuildFile; fileRef = 5F1C3FAB1BC9896E00034E2E /* EventsController.swift */; };
		5F1C40411BC9896E00034E2E /* Images.xcassets in Resources */ = {isa = PBXBuildFile; fileRef = 5F1C40061BC9896E00034E2E /* Images.xcassets */; };
		5F1C40441BC9896E00034E2E /* TileMapGenerator.swift in Sources */ = {isa = PBXBuildFile; fileRef = 5F1C400A1BC9896E00034E2E /* TileMapGenerator.swift */; };
		5F1C40601BC99B4100034E2E /* MenuModel.swift in Sources */ = {isa = PBXBuildFile; fileRef = 5F1C405F1BC99B4100034E2E /* MenuModel.swift */; };
		5F219DBF1BD02E7300CBB10F /* NavigationController.swift in Sources */ = {isa = PBXBuildFile; fileRef = 5F219DBE1BD02E7300CBB10F /* NavigationController.swift */; };
		5F77C3DB1BDA69D20059B69F /* BrightFutures.framework in Frameworks */ = {isa = PBXBuildFile; fileRef = 5F77C3C71BDA69BA0059B69F /* BrightFutures.framework */; };
		5F77C3DC1BDA69D20059B69F /* BrightFutures.framework in Embed Frameworks */ = {isa = PBXBuildFile; fileRef = 5F77C3C71BDA69BA0059B69F /* BrightFutures.framework */; settings = {ATTRIBUTES = (CodeSignOnCopy, RemoveHeadersOnCopy, ); }; };
		5F77C3DD1BDA69D20059B69F /* OpenEmuBase.framework in Frameworks */ = {isa = PBXBuildFile; fileRef = 5F77C3C81BDA69BA0059B69F /* OpenEmuBase.framework */; };
		5F77C3DE1BDA69D20059B69F /* OpenEmuBase.framework in Embed Frameworks */ = {isa = PBXBuildFile; fileRef = 5F77C3C81BDA69BA0059B69F /* OpenEmuBase.framework */; settings = {ATTRIBUTES = (CodeSignOnCopy, RemoveHeadersOnCopy, ); }; };
		5F77C3DF1BDA69D20059B69F /* OpenEmuSystem.framework in Frameworks */ = {isa = PBXBuildFile; fileRef = 5F77C3C91BDA69BA0059B69F /* OpenEmuSystem.framework */; };
		5F77C3E01BDA69D20059B69F /* OpenEmuSystem.framework in Embed Frameworks */ = {isa = PBXBuildFile; fileRef = 5F77C3C91BDA69BA0059B69F /* OpenEmuSystem.framework */; settings = {ATTRIBUTES = (CodeSignOnCopy, RemoveHeadersOnCopy, ); }; };
		5F77C3E11BDA69D20059B69F /* Result.framework in Frameworks */ = {isa = PBXBuildFile; fileRef = 5F77C3CA1BDA69BA0059B69F /* Result.framework */; };
		5F77C3E21BDA69D20059B69F /* Result.framework in Embed Frameworks */ = {isa = PBXBuildFile; fileRef = 5F77C3CA1BDA69BA0059B69F /* Result.framework */; settings = {ATTRIBUTES = (CodeSignOnCopy, RemoveHeadersOnCopy, ); }; };
		5F77C3E31BDA69D20059B69F /* Runes.framework in Frameworks */ = {isa = PBXBuildFile; fileRef = 5F77C3CB1BDA69BA0059B69F /* Runes.framework */; };
		5F77C3E41BDA69D20059B69F /* Runes.framework in Embed Frameworks */ = {isa = PBXBuildFile; fileRef = 5F77C3CB1BDA69BA0059B69F /* Runes.framework */; settings = {ATTRIBUTES = (CodeSignOnCopy, RemoveHeadersOnCopy, ); }; };
		5F77C3E71BDA715D0059B69F /* Utilities.swift in Sources */ = {isa = PBXBuildFile; fileRef = 5F77C3E61BDA715D0059B69F /* Utilities.swift */; };
		5F8FF21F1BD2F00300752515 /* MenuScene.swift in Sources */ = {isa = PBXBuildFile; fileRef = 5F8FF21E1BD2F00300752515 /* MenuScene.swift */; };
		5FA9F21D1BD7EE2400183A56 /* Router.swift in Sources */ = {isa = PBXBuildFile; fileRef = 5FA9F21C1BD7EE2400183A56 /* Router.swift */; };
		5FEB7C8D1BD3EFF1005061D9 /* MainMenuModel.swift in Sources */ = {isa = PBXBuildFile; fileRef = 5FEB7C8C1BD3EFF1005061D9 /* MainMenuModel.swift */; };
/* End PBXBuildFile section */

/* Begin PBXCopyFilesBuildPhase section */
		5F77C3E51BDA69D20059B69F /* Embed Frameworks */ = {
			isa = PBXCopyFilesBuildPhase;
			buildActionMask = 2147483647;
			dstPath = "";
			dstSubfolderSpec = 10;
			files = (
				5F77C3DC1BDA69D20059B69F /* BrightFutures.framework in Embed Frameworks */,
				5F77C3E01BDA69D20059B69F /* OpenEmuSystem.framework in Embed Frameworks */,
				5F77C3DE1BDA69D20059B69F /* OpenEmuBase.framework in Embed Frameworks */,
				5F77C3E41BDA69D20059B69F /* Runes.framework in Embed Frameworks */,
				5F77C3E21BDA69D20059B69F /* Result.framework in Embed Frameworks */,
			);
			name = "Embed Frameworks";
			runOnlyForDeploymentPostprocessing = 0;
		};
/* End PBXCopyFilesBuildPhase section */

/* Begin PBXFileReference section */
		5F17AB111BD6C022006A9125 /* PlanetScene.swift */ = {isa = PBXFileReference; fileEncoding = 4; lastKnownFileType = sourcecode.swift; path = PlanetScene.swift; sourceTree = "<group>"; };
		5F17AB131BD6C02B006A9125 /* BattleScene.swift */ = {isa = PBXFileReference; fileEncoding = 4; lastKnownFileType = sourcecode.swift; path = BattleScene.swift; sourceTree = "<group>"; };
		5F17AB151BD6C052006A9125 /* SpaceScene.swift */ = {isa = PBXFileReference; fileEncoding = 4; lastKnownFileType = sourcecode.swift; path = SpaceScene.swift; sourceTree = "<group>"; };
		5F17AB171BD6C128006A9125 /* PlanetLevel.swift */ = {isa = PBXFileReference; fileEncoding = 4; lastKnownFileType = sourcecode.swift; path = PlanetLevel.swift; sourceTree = "<group>"; };
		5F17AB181BD6C128006A9125 /* TileMap.swift */ = {isa = PBXFileReference; fileEncoding = 4; lastKnownFileType = sourcecode.swift; path = TileMap.swift; sourceTree = "<group>"; };
		5F1C3FA31BC9896E00034E2E /* AppDelegate.swift */ = {isa = PBXFileReference; fileEncoding = 4; lastKnownFileType = sourcecode.swift; path = AppDelegate.swift; sourceTree = "<group>"; };
		5F1C3FA51BC9896E00034E2E /* Base */ = {isa = PBXFileReference; lastKnownFileType = file.xib; name = Base; path = Base.lproj/MainMenu.xib; sourceTree = "<group>"; };
		5F1C3FA71BC9896E00034E2E /* Controller-Database.plist */ = {isa = PBXFileReference; fileEncoding = 4; lastKnownFileType = text.plist.xml; path = "Controller-Database.plist"; sourceTree = "<group>"; };
		5F1C3FA81BC9896E00034E2E /* DeviceAction.swift */ = {isa = PBXFileReference; fileEncoding = 4; lastKnownFileType = sourcecode.swift; path = DeviceAction.swift; sourceTree = "<group>"; };
		5F1C3FA91BC9896E00034E2E /* DeviceConfiguration.swift */ = {isa = PBXFileReference; fileEncoding = 4; lastKnownFileType = sourcecode.swift; path = DeviceConfiguration.swift; sourceTree = "<group>"; };
		5F1C3FAA1BC9896E00034E2E /* DSExtensions.swift */ = {isa = PBXFileReference; fileEncoding = 4; lastKnownFileType = sourcecode.swift; path = DSExtensions.swift; sourceTree = "<group>"; };
		5F1C3FAB1BC9896E00034E2E /* EventsController.swift */ = {isa = PBXFileReference; fileEncoding = 4; lastKnownFileType = sourcecode.swift; path = EventsController.swift; sourceTree = "<group>"; };
		5F1C40031BC9896E00034E2E /* OpenEmu-SDK-Bridging-Header.h */ = {isa = PBXFileReference; fileEncoding = 4; lastKnownFileType = sourcecode.c.h; path = "OpenEmu-SDK-Bridging-Header.h"; sourceTree = "<group>"; };
		5F1C40041BC9896E00034E2E /* README.md */ = {isa = PBXFileReference; fileEncoding = 4; lastKnownFileType = net.daringfireball.markdown; path = README.md; sourceTree = "<group>"; };
		5F1C40061BC9896E00034E2E /* Images.xcassets */ = {isa = PBXFileReference; lastKnownFileType = folder.assetcatalog; path = Images.xcassets; sourceTree = "<group>"; };
		5F1C40071BC9896E00034E2E /* Info.plist */ = {isa = PBXFileReference; fileEncoding = 4; lastKnownFileType = text.plist.xml; path = Info.plist; sourceTree = "<group>"; };
		5F1C400A1BC9896E00034E2E /* TileMapGenerator.swift */ = {isa = PBXFileReference; fileEncoding = 4; lastKnownFileType = sourcecode.swift; path = TileMapGenerator.swift; sourceTree = "<group>"; };
		5F1C405F1BC99B4100034E2E /* MenuModel.swift */ = {isa = PBXFileReference; fileEncoding = 4; lastKnownFileType = sourcecode.swift; path = MenuModel.swift; sourceTree = "<group>"; };
		5F219DB41BD021D700CBB10F /* Cartfile */ = {isa = PBXFileReference; fileEncoding = 4; lastKnownFileType = text; name = Cartfile; path = ../Cartfile; sourceTree = "<group>"; };
		5F219DBE1BD02E7300CBB10F /* NavigationController.swift */ = {isa = PBXFileReference; fileEncoding = 4; lastKnownFileType = sourcecode.swift; path = NavigationController.swift; sourceTree = "<group>"; };
		5F4FB5161BDAA38F00F19CD8 /* Cartfile.resolved */ = {isa = PBXFileReference; lastKnownFileType = text; path = Cartfile.resolved; sourceTree = SOURCE_ROOT; };
		5F77C3C71BDA69BA0059B69F /* BrightFutures.framework */ = {isa = PBXFileReference; lastKnownFileType = wrapper.framework; path = BrightFutures.framework; sourceTree = "<group>"; };
		5F77C3C81BDA69BA0059B69F /* OpenEmuBase.framework */ = {isa = PBXFileReference; lastKnownFileType = wrapper.framework; path = OpenEmuBase.framework; sourceTree = "<group>"; };
		5F77C3C91BDA69BA0059B69F /* OpenEmuSystem.framework */ = {isa = PBXFileReference; lastKnownFileType = wrapper.framework; path = OpenEmuSystem.framework; sourceTree = "<group>"; };
		5F77C3CA1BDA69BA0059B69F /* Result.framework */ = {isa = PBXFileReference; lastKnownFileType = wrapper.framework; path = Result.framework; sourceTree = "<group>"; };
		5F77C3CB1BDA69BA0059B69F /* Runes.framework */ = {isa = PBXFileReference; lastKnownFileType = wrapper.framework; path = Runes.framework; sourceTree = "<group>"; };
		5F77C3E61BDA715D0059B69F /* Utilities.swift */ = {isa = PBXFileReference; fileEncoding = 4; lastKnownFileType = sourcecode.swift; path = Utilities.swift; sourceTree = "<group>"; };
		5F88DFC31B0330E6003495C3 /* Magikombat.app */ = {isa = PBXFileReference; explicitFileType = wrapper.application; includeInIndex = 0; path = Magikombat.app; sourceTree = BUILT_PRODUCTS_DIR; };
		5F8FF21E1BD2F00300752515 /* MenuScene.swift */ = {isa = PBXFileReference; fileEncoding = 4; lastKnownFileType = sourcecode.swift; path = MenuScene.swift; sourceTree = "<group>"; };
		5FA9F21C1BD7EE2400183A56 /* Router.swift */ = {isa = PBXFileReference; fileEncoding = 4; lastKnownFileType = sourcecode.swift; path = Router.swift; sourceTree = "<group>"; };
		5FEB7C8C1BD3EFF1005061D9 /* MainMenuModel.swift */ = {isa = PBXFileReference; fileEncoding = 4; lastKnownFileType = sourcecode.swift; path = MainMenuModel.swift; sourceTree = "<group>"; };
/* End PBXFileReference section */

/* Begin PBXFrameworksBuildPhase section */
		5F88DFC01B0330E6003495C3 /* Frameworks */ = {
			isa = PBXFrameworksBuildPhase;
			buildActionMask = 2147483647;
			files = (
				5F77C3DB1BDA69D20059B69F /* BrightFutures.framework in Frameworks */,
				5F77C3DF1BDA69D20059B69F /* OpenEmuSystem.framework in Frameworks */,
				5F77C3DD1BDA69D20059B69F /* OpenEmuBase.framework in Frameworks */,
				5F77C3E31BDA69D20059B69F /* Runes.framework in Frameworks */,
				5F77C3E11BDA69D20059B69F /* Result.framework in Frameworks */,
			);
			runOnlyForDeploymentPostprocessing = 0;
		};
/* End PBXFrameworksBuildPhase section */

/* Begin PBXGroup section */
		5F1C3FA21BC9896E00034E2E /* Magikombat */ = {
			isa = PBXGroup;
			children = (
				5F1C40561BC9907000034E2E /* System */,
				5F1C3FA61BC9896E00034E2E /* GamepadKit */,
				5F219DBD1BD02E4800CBB10F /* Navigation Controller */,
				5F1C404F1BC9898C00034E2E /* Menu */,
				5F1C40081BC9896E00034E2E /* LevelKit */,
				5F1C400F1BC9896E00034E2E /* Game Scenes */,
				5F1C3FA31BC9896E00034E2E /* AppDelegate.swift */,
				5F1C3FA41BC9896E00034E2E /* MainMenu.xib */,
				5F1C40061BC9896E00034E2E /* Images.xcassets */,
				5F1C40071BC9896E00034E2E /* Info.plist */,
			);
			path = Magikombat;
			sourceTree = "<group>";
		};
		5F1C3FA61BC9896E00034E2E /* GamepadKit */ = {
			isa = PBXGroup;
			children = (
				5F1C3FA71BC9896E00034E2E /* Controller-Database.plist */,
				5F1C3FA81BC9896E00034E2E /* DeviceAction.swift */,
				5F1C3FA91BC9896E00034E2E /* DeviceConfiguration.swift */,
				5F1C3FAA1BC9896E00034E2E /* DSExtensions.swift */,
				5F1C3FAB1BC9896E00034E2E /* EventsController.swift */,
				5F1C40031BC9896E00034E2E /* OpenEmu-SDK-Bridging-Header.h */,
				5F1C40041BC9896E00034E2E /* README.md */,
			);
			path = GamepadKit;
			sourceTree = "<group>";
		};
		5F1C40081BC9896E00034E2E /* LevelKit */ = {
			isa = PBXGroup;
			children = (
				5F17AB171BD6C128006A9125 /* PlanetLevel.swift */,
				5F17AB181BD6C128006A9125 /* TileMap.swift */,
				5F1C400A1BC9896E00034E2E /* TileMapGenerator.swift */,
			);
			path = LevelKit;
			sourceTree = "<group>";
		};
		5F1C400F1BC9896E00034E2E /* Game Scenes */ = {
			isa = PBXGroup;
			children = (
				5F17AB151BD6C052006A9125 /* SpaceScene.swift */,
				5F17AB111BD6C022006A9125 /* PlanetScene.swift */,
				5F17AB131BD6C02B006A9125 /* BattleScene.swift */,
			);
			name = "Game Scenes";
			path = GameScenes;
			sourceTree = "<group>";
		};
		5F1C404F1BC9898C00034E2E /* Menu */ = {
			isa = PBXGroup;
			children = (
				5F1C405F1BC99B4100034E2E /* MenuModel.swift */,
				5F8FF21E1BD2F00300752515 /* MenuScene.swift */,
				5FEB7C8C1BD3EFF1005061D9 /* MainMenuModel.swift */,
			);
			path = Menu;
			sourceTree = "<group>";
		};
		5F1C40561BC9907000034E2E /* System */ = {
			isa = PBXGroup;
			children = (
				5F77C3E61BDA715D0059B69F /* Utilities.swift */,
			);
			path = System;
			sourceTree = "<group>";
		};
		5F219DBD1BD02E4800CBB10F /* Navigation Controller */ = {
			isa = PBXGroup;
			children = (
				5F219DBE1BD02E7300CBB10F /* NavigationController.swift */,
				5FA9F21C1BD7EE2400183A56 /* Router.swift */,
			);
			name = "Navigation Controller";
			path = NavigationController;
			sourceTree = "<group>";
		};
		5F77C3B81BDA66100059B69F /* Carthage */ = {
			isa = PBXGroup;
			children = (
				5F219DB41BD021D700CBB10F /* Cartfile */,
				5F4FB5161BDAA38F00F19CD8 /* Cartfile.resolved */,
				5F77C3B91BDA66620059B69F /* Mac */,
			);
			path = Carthage;
			sourceTree = "<group>";
		};
		5F77C3B91BDA66620059B69F /* Mac */ = {
			isa = PBXGroup;
			children = (
				5F77C3C71BDA69BA0059B69F /* BrightFutures.framework */,
				5F77C3C81BDA69BA0059B69F /* OpenEmuBase.framework */,
				5F77C3C91BDA69BA0059B69F /* OpenEmuSystem.framework */,
				5F77C3CA1BDA69BA0059B69F /* Result.framework */,
				5F77C3CB1BDA69BA0059B69F /* Runes.framework */,
			);
			name = Mac;
			path = Build/Mac;
			sourceTree = "<group>";
		};
		5F88DFBA1B0330E6003495C3 = {
			isa = PBXGroup;
			children = (
				5F77C3B81BDA66100059B69F /* Carthage */,
				5F1C3FA21BC9896E00034E2E /* Magikombat */,
				5F88DFC41B0330E6003495C3 /* Products */,
			);
			sourceTree = "<group>";
		};
		5F88DFC41B0330E6003495C3 /* Products */ = {
			isa = PBXGroup;
			children = (
				5F88DFC31B0330E6003495C3 /* Magikombat.app */,
			);
			name = Products;
			sourceTree = "<group>";
		};
/* End PBXGroup section */

/* Begin PBXNativeTarget section */
		5F88DFC21B0330E6003495C3 /* Magikombat */ = {
			isa = PBXNativeTarget;
			buildConfigurationList = 5F88DFE11B0330E6003495C3 /* Build configuration list for PBXNativeTarget "Magikombat" */;
			buildPhases = (
				5F88DFBF1B0330E6003495C3 /* Sources */,
				5F88DFC01B0330E6003495C3 /* Frameworks */,
				5F88DFC11B0330E6003495C3 /* Resources */,
				5F219DC21BD0306200CBB10F /* ShellScript */,
				5F77C3E51BDA69D20059B69F /* Embed Frameworks */,
			);
			buildRules = (
			);
			dependencies = (
			);
			name = Magikombat;
			productName = Magikombat;
			productReference = 5F88DFC31B0330E6003495C3 /* Magikombat.app */;
			productType = "com.apple.product-type.application";
		};
/* End PBXNativeTarget section */

/* Begin PBXProject section */
		5F88DFBB1B0330E6003495C3 /* Project object */ = {
			isa = PBXProject;
			attributes = {
				LastSwiftMigration = 0700;
				LastSwiftUpdateCheck = 0700;
				LastUpgradeCheck = 0700;
				ORGANIZATIONNAME = P0ed;
				TargetAttributes = {
					5F88DFC21B0330E6003495C3 = {
						CreatedOnToolsVersion = 6.3.1;
					};
				};
			};
			buildConfigurationList = 5F88DFBE1B0330E6003495C3 /* Build configuration list for PBXProject "Magikombat" */;
			compatibilityVersion = "Xcode 3.2";
			developmentRegion = English;
			hasScannedForEncodings = 0;
			knownRegions = (
				en,
				Base,
			);
			mainGroup = 5F88DFBA1B0330E6003495C3;
			productRefGroup = 5F88DFC41B0330E6003495C3 /* Products */;
			projectDirPath = "";
			projectRoot = "";
			targets = (
				5F88DFC21B0330E6003495C3 /* Magikombat */,
			);
		};
/* End PBXProject section */

/* Begin PBXResourcesBuildPhase section */
		5F88DFC11B0330E6003495C3 /* Resources */ = {
			isa = PBXResourcesBuildPhase;
			buildActionMask = 2147483647;
			files = (
				5F1C40411BC9896E00034E2E /* Images.xcassets in Resources */,
				5F1C40131BC9896E00034E2E /* MainMenu.xib in Resources */,
				5F1C40141BC9896E00034E2E /* Controller-Database.plist in Resources */,
			);
			runOnlyForDeploymentPostprocessing = 0;
		};
/* End PBXResourcesBuildPhase section */

/* Begin PBXShellScriptBuildPhase section */
		5F219DC21BD0306200CBB10F /* ShellScript */ = {
			isa = PBXShellScriptBuildPhase;
			buildActionMask = 2147483647;
			files = (
			);
			inputPaths = (
			);
			outputPaths = (
			);
			runOnlyForDeploymentPostprocessing = 0;
			shellPath = /bin/sh;
			shellScript = "/usr/local/bin/carthage copy-frameworks\n";
		};
/* End PBXShellScriptBuildPhase section */

/* Begin PBXSourcesBuildPhase section */
		5F88DFBF1B0330E6003495C3 /* Sources */ = {
			isa = PBXSourcesBuildPhase;
			buildActionMask = 2147483647;
			files = (
				5F219DBF1BD02E7300CBB10F /* NavigationController.swift in Sources */,
				5F1C40441BC9896E00034E2E /* TileMapGenerator.swift in Sources */,
				5F1C40171BC9896E00034E2E /* DSExtensions.swift in Sources */,
				5F17AB161BD6C052006A9125 /* SpaceScene.swift in Sources */,
				5F17AB1A1BD6C128006A9125 /* TileMap.swift in Sources */,
				5F1C40601BC99B4100034E2E /* MenuModel.swift in Sources */,
				5F77C3E71BDA715D0059B69F /* Utilities.swift in Sources */,
				5F8FF21F1BD2F00300752515 /* MenuScene.swift in Sources */,
				5F17AB191BD6C128006A9125 /* PlanetLevel.swift in Sources */,
				5F1C40121BC9896E00034E2E /* AppDelegate.swift in Sources */,
				5FA9F21D1BD7EE2400183A56 /* Router.swift in Sources */,
				5FEB7C8D1BD3EFF1005061D9 /* MainMenuModel.swift in Sources */,
				5F1C40151BC9896E00034E2E /* DeviceAction.swift in Sources */,
				5F1C40161BC9896E00034E2E /* DeviceConfiguration.swift in Sources */,
				5F17AB141BD6C02B006A9125 /* BattleScene.swift in Sources */,
				5F17AB121BD6C022006A9125 /* PlanetScene.swift in Sources */,
				5F1C40181BC9896E00034E2E /* EventsController.swift in Sources */,
			);
			runOnlyForDeploymentPostprocessing = 0;
		};
/* End PBXSourcesBuildPhase section */

/* Begin PBXVariantGroup section */
		5F1C3FA41BC9896E00034E2E /* MainMenu.xib */ = {
			isa = PBXVariantGroup;
			children = (
				5F1C3FA51BC9896E00034E2E /* Base */,
			);
			name = MainMenu.xib;
			sourceTree = "<group>";
		};
/* End PBXVariantGroup section */

/* Begin XCBuildConfiguration section */
		5F88DFDF1B0330E6003495C3 /* Debug */ = {
			isa = XCBuildConfiguration;
			buildSettings = {
				ALWAYS_SEARCH_USER_PATHS = NO;
				CLANG_CXX_LANGUAGE_STANDARD = "gnu++0x";
				CLANG_CXX_LIBRARY = "libc++";
				CLANG_ENABLE_MODULES = YES;
				CLANG_ENABLE_OBJC_ARC = YES;
				CLANG_WARN_BOOL_CONVERSION = YES;
				CLANG_WARN_CONSTANT_CONVERSION = YES;
				CLANG_WARN_DIRECT_OBJC_ISA_USAGE = YES_ERROR;
				CLANG_WARN_EMPTY_BODY = YES;
				CLANG_WARN_ENUM_CONVERSION = YES;
				CLANG_WARN_INT_CONVERSION = YES;
				CLANG_WARN_OBJC_ROOT_CLASS = YES_ERROR;
				CLANG_WARN_UNREACHABLE_CODE = YES;
				CLANG_WARN__DUPLICATE_METHOD_MATCH = YES;
				CODE_SIGN_IDENTITY = "-";
				COPY_PHASE_STRIP = NO;
				DEBUG_INFORMATION_FORMAT = dwarf;
				ENABLE_STRICT_OBJC_MSGSEND = YES;
				ENABLE_TESTABILITY = YES;
				GCC_C_LANGUAGE_STANDARD = gnu99;
				GCC_DYNAMIC_NO_PIC = NO;
				GCC_NO_COMMON_BLOCKS = YES;
				GCC_OPTIMIZATION_LEVEL = 0;
				GCC_PREPROCESSOR_DEFINITIONS = (
					"DEBUG=1",
					"$(inherited)",
				);
				GCC_SYMBOLS_PRIVATE_EXTERN = NO;
				GCC_WARN_64_TO_32_BIT_CONVERSION = YES;
				GCC_WARN_ABOUT_RETURN_TYPE = YES_ERROR;
				GCC_WARN_UNDECLARED_SELECTOR = YES;
				GCC_WARN_UNINITIALIZED_AUTOS = YES_AGGRESSIVE;
				GCC_WARN_UNUSED_FUNCTION = YES;
				GCC_WARN_UNUSED_VARIABLE = YES;
				MACOSX_DEPLOYMENT_TARGET = 10.11;
				MTL_ENABLE_DEBUG_INFO = YES;
				ONLY_ACTIVE_ARCH = YES;
				SDKROOT = macosx;
				SWIFT_OPTIMIZATION_LEVEL = "-Onone";
			};
			name = Debug;
		};
		5F88DFE01B0330E6003495C3 /* Release */ = {
			isa = XCBuildConfiguration;
			buildSettings = {
				ALWAYS_SEARCH_USER_PATHS = NO;
				CLANG_CXX_LANGUAGE_STANDARD = "gnu++0x";
				CLANG_CXX_LIBRARY = "libc++";
				CLANG_ENABLE_MODULES = YES;
				CLANG_ENABLE_OBJC_ARC = YES;
				CLANG_WARN_BOOL_CONVERSION = YES;
				CLANG_WARN_CONSTANT_CONVERSION = YES;
				CLANG_WARN_DIRECT_OBJC_ISA_USAGE = YES_ERROR;
				CLANG_WARN_EMPTY_BODY = YES;
				CLANG_WARN_ENUM_CONVERSION = YES;
				CLANG_WARN_INT_CONVERSION = YES;
				CLANG_WARN_OBJC_ROOT_CLASS = YES_ERROR;
				CLANG_WARN_UNREACHABLE_CODE = YES;
				CLANG_WARN__DUPLICATE_METHOD_MATCH = YES;
				CODE_SIGN_IDENTITY = "-";
				COPY_PHASE_STRIP = NO;
				DEBUG_INFORMATION_FORMAT = "dwarf-with-dsym";
				ENABLE_NS_ASSERTIONS = NO;
				ENABLE_STRICT_OBJC_MSGSEND = YES;
				GCC_C_LANGUAGE_STANDARD = gnu99;
				GCC_NO_COMMON_BLOCKS = YES;
				GCC_WARN_64_TO_32_BIT_CONVERSION = YES;
				GCC_WARN_ABOUT_RETURN_TYPE = YES_ERROR;
				GCC_WARN_UNDECLARED_SELECTOR = YES;
				GCC_WARN_UNINITIALIZED_AUTOS = YES_AGGRESSIVE;
				GCC_WARN_UNUSED_FUNCTION = YES;
				GCC_WARN_UNUSED_VARIABLE = YES;
				MACOSX_DEPLOYMENT_TARGET = 10.11;
				MTL_ENABLE_DEBUG_INFO = NO;
				SDKROOT = macosx;
			};
			name = Release;
		};
		5F88DFE21B0330E6003495C3 /* Debug */ = {
			isa = XCBuildConfiguration;
			buildSettings = {
				ASSETCATALOG_COMPILER_APPICON_NAME = AppIcon;
				COMBINE_HIDPI_IMAGES = YES;
				FRAMEWORK_SEARCH_PATHS = (
					"$(PROJECT_DIR)/Magikombat/**",
					"$(PROJECT_DIR)/Carthage/Build/Mac",
				);
				HEADER_SEARCH_PATHS = (
					"$(inherited)",
					/Applications/Xcode.app/Contents/Developer/Toolchains/XcodeDefault.xctoolchain/usr/include,
					"$(PROJECT_DIR)/Magikombat/**",
				);
				INFOPLIST_FILE = Magikombat/Info.plist;
				LD_RUNPATH_SEARCH_PATHS = "$(inherited) @executable_path/../Frameworks";
				LIBRARY_SEARCH_PATHS = "$(PROJECT_DIR)/Magikombat/**";
				MACOSX_DEPLOYMENT_TARGET = 10.11;
				PRODUCT_BUNDLE_IDENTIFIER = "com.github.p0ed.$(PRODUCT_NAME:rfc1034identifier)";
				PRODUCT_NAME = "$(TARGET_NAME)";
				SWIFT_OBJC_BRIDGING_HEADER = "Magikombat/GamepadKit/OpenEmu-SDK-Bridging-Header.h";
				USER_HEADER_SEARCH_PATHS = "$(PROJECT_DIR)/**";
			};
			name = Debug;
		};
		5F88DFE31B0330E6003495C3 /* Release */ = {
			isa = XCBuildConfiguration;
			buildSettings = {
				ASSETCATALOG_COMPILER_APPICON_NAME = AppIcon;
				COMBINE_HIDPI_IMAGES = YES;
				FRAMEWORK_SEARCH_PATHS = (
					"$(PROJECT_DIR)/Magikombat/**",
					"$(PROJECT_DIR)/Carthage/Build/Mac",
				);
				HEADER_SEARCH_PATHS = (
					"$(inherited)",
					/Applications/Xcode.app/Contents/Developer/Toolchains/XcodeDefault.xctoolchain/usr/include,
					"$(PROJECT_DIR)/Magikombat/**",
				);
				INFOPLIST_FILE = Magikombat/Info.plist;
				LD_RUNPATH_SEARCH_PATHS = "$(inherited) @executable_path/../Frameworks";
				LIBRARY_SEARCH_PATHS = "$(PROJECT_DIR)/Magikombat/**";
				MACOSX_DEPLOYMENT_TARGET = 10.11;
				PRODUCT_BUNDLE_IDENTIFIER = "com.github.p0ed.$(PRODUCT_NAME:rfc1034identifier)";
				PRODUCT_NAME = "$(TARGET_NAME)";
				SWIFT_OBJC_BRIDGING_HEADER = "Magikombat/GamepadKit/OpenEmu-SDK-Bridging-Header.h";
				USER_HEADER_SEARCH_PATHS = "$(PROJECT_DIR)/**";
			};
			name = Release;
		};
/* End XCBuildConfiguration section */

/* Begin XCConfigurationList section */
		5F88DFBE1B0330E6003495C3 /* Build configuration list for PBXProject "Magikombat" */ = {
			isa = XCConfigurationList;
			buildConfigurations = (
				5F88DFDF1B0330E6003495C3 /* Debug */,
				5F88DFE01B0330E6003495C3 /* Release */,
			);
			defaultConfigurationIsVisible = 0;
			defaultConfigurationName = Release;
		};
		5F88DFE11B0330E6003495C3 /* Build configuration list for PBXNativeTarget "Magikombat" */ = {
			isa = XCConfigurationList;
			buildConfigurations = (
				5F88DFE21B0330E6003495C3 /* Debug */,
				5F88DFE31B0330E6003495C3 /* Release */,
			);
			defaultConfigurationIsVisible = 0;
			defaultConfigurationName = Release;
		};
/* End XCConfigurationList section */
	};
	rootObject = 5F88DFBB1B0330E6003495C3 /* Project object */;
}
