// !$*UTF8*$!
{
	archiveVersion = 1;
	classes = {
	};
	objectVersion = 46;
	objects = {

/* Begin PBXBuildFile section */
		5F01B34B1BDBC252005A7F8B /* Player.swift in Sources */ = {isa = PBXBuildFile; fileRef = 5F01B34A1BDBC252005A7F8B /* Player.swift */; };
		5F16AC8B1C04F96100D220D6 /* B2DBody.mm in Sources */ = {isa = PBXBuildFile; fileRef = 5F16AC8A1C04F96100D220D6 /* B2DBody.mm */; };
		5F17AB1A1BD6C128006A9125 /* TileMap.swift in Sources */ = {isa = PBXBuildFile; fileRef = 5F17AB181BD6C128006A9125 /* TileMap.swift */; };
		5F1C40121BC9896E00034E2E /* AppDelegate.swift in Sources */ = {isa = PBXBuildFile; fileRef = 5F1C3FA31BC9896E00034E2E /* AppDelegate.swift */; };
		5F1C40131BC9896E00034E2E /* MainMenu.xib in Resources */ = {isa = PBXBuildFile; fileRef = 5F1C3FA41BC9896E00034E2E /* MainMenu.xib */; };
		5F1C40141BC9896E00034E2E /* Controller-Database.plist in Resources */ = {isa = PBXBuildFile; fileRef = 5F1C3FA71BC9896E00034E2E /* Controller-Database.plist */; };
		5F1C40151BC9896E00034E2E /* DeviceAction.swift in Sources */ = {isa = PBXBuildFile; fileRef = 5F1C3FA81BC9896E00034E2E /* DeviceAction.swift */; };
		5F1C40161BC9896E00034E2E /* DeviceConfiguration.swift in Sources */ = {isa = PBXBuildFile; fileRef = 5F1C3FA91BC9896E00034E2E /* DeviceConfiguration.swift */; };
		5F1C40171BC9896E00034E2E /* DSExtensions.swift in Sources */ = {isa = PBXBuildFile; fileRef = 5F1C3FAA1BC9896E00034E2E /* DSExtensions.swift */; };
		5F1C40181BC9896E00034E2E /* EventsController.swift in Sources */ = {isa = PBXBuildFile; fileRef = 5F1C3FAB1BC9896E00034E2E /* EventsController.swift */; };
		5F1C40411BC9896E00034E2E /* Images.xcassets in Resources */ = {isa = PBXBuildFile; fileRef = 5F1C40061BC9896E00034E2E /* Images.xcassets */; };
		5F1C40441BC9896E00034E2E /* LevelGenerator.swift in Sources */ = {isa = PBXBuildFile; fileRef = 5F1C400A1BC9896E00034E2E /* LevelGenerator.swift */; };
		5F1C40601BC99B4100034E2E /* MenuModel.swift in Sources */ = {isa = PBXBuildFile; fileRef = 5F1C405F1BC99B4100034E2E /* MenuModel.swift */; };
		5F219DBF1BD02E7300CBB10F /* NavigationController.swift in Sources */ = {isa = PBXBuildFile; fileRef = 5F219DBE1BD02E7300CBB10F /* NavigationController.swift */; };
		5F4FB5181BDAE6BE00F19CD8 /* BaseScene.swift in Sources */ = {isa = PBXBuildFile; fileRef = 5F4FB5171BDAE6BE00F19CD8 /* BaseScene.swift */; };
		5F5C540E1C0AF2B200FFFFCA /* World.swift in Sources */ = {isa = PBXBuildFile; fileRef = 5F5C540D1C0AF2B200FFFFCA /* World.swift */; };
		5F6C71F81BEF647C00BAFFB2 /* HeroSelectScene.swift in Sources */ = {isa = PBXBuildFile; fileRef = 5F6C71F71BEF647C00BAFFB2 /* HeroSelectScene.swift */; };
		5F6C71FB1BEF707700BAFFB2 /* Hero.swift in Sources */ = {isa = PBXBuildFile; fileRef = 5F6C71FA1BEF707700BAFFB2 /* Hero.swift */; };
		5F6C71FE1BEF78FD00BAFFB2 /* Heroes.swift in Sources */ = {isa = PBXBuildFile; fileRef = 5F6C71FD1BEF78FD00BAFFB2 /* Heroes.swift */; };
		5F77C3DB1BDA69D20059B69F /* BrightFutures.framework in Frameworks */ = {isa = PBXBuildFile; fileRef = 5F77C3C71BDA69BA0059B69F /* BrightFutures.framework */; };
		5F77C3DC1BDA69D20059B69F /* BrightFutures.framework in Embed Frameworks */ = {isa = PBXBuildFile; fileRef = 5F77C3C71BDA69BA0059B69F /* BrightFutures.framework */; settings = {ATTRIBUTES = (CodeSignOnCopy, RemoveHeadersOnCopy, ); }; };
		5F77C3DD1BDA69D20059B69F /* OpenEmuBase.framework in Frameworks */ = {isa = PBXBuildFile; fileRef = 5F77C3C81BDA69BA0059B69F /* OpenEmuBase.framework */; };
		5F77C3DE1BDA69D20059B69F /* OpenEmuBase.framework in Embed Frameworks */ = {isa = PBXBuildFile; fileRef = 5F77C3C81BDA69BA0059B69F /* OpenEmuBase.framework */; settings = {ATTRIBUTES = (CodeSignOnCopy, RemoveHeadersOnCopy, ); }; };
		5F77C3DF1BDA69D20059B69F /* OpenEmuSystem.framework in Frameworks */ = {isa = PBXBuildFile; fileRef = 5F77C3C91BDA69BA0059B69F /* OpenEmuSystem.framework */; };
		5F77C3E01BDA69D20059B69F /* OpenEmuSystem.framework in Embed Frameworks */ = {isa = PBXBuildFile; fileRef = 5F77C3C91BDA69BA0059B69F /* OpenEmuSystem.framework */; settings = {ATTRIBUTES = (CodeSignOnCopy, RemoveHeadersOnCopy, ); }; };
		5F77C3E11BDA69D20059B69F /* Result.framework in Frameworks */ = {isa = PBXBuildFile; fileRef = 5F77C3CA1BDA69BA0059B69F /* Result.framework */; };
		5F77C3E21BDA69D20059B69F /* Result.framework in Embed Frameworks */ = {isa = PBXBuildFile; fileRef = 5F77C3CA1BDA69BA0059B69F /* Result.framework */; settings = {ATTRIBUTES = (CodeSignOnCopy, RemoveHeadersOnCopy, ); }; };
		5F77C3E71BDA715D0059B69F /* Utilities.swift in Sources */ = {isa = PBXBuildFile; fileRef = 5F77C3E61BDA715D0059B69F /* Utilities.swift */; };
		5F7BD9771BDFE21A003BF82E /* PlatformerScene.swift in Sources */ = {isa = PBXBuildFile; fileRef = 5F7BD9761BDFE21A003BF82E /* PlatformerScene.swift */; };
		5F7BD9791BDFEE9B003BF82E /* Engine.swift in Sources */ = {isa = PBXBuildFile; fileRef = 5F7BD9781BDFEE9B003BF82E /* Engine.swift */; };
		5F7BD97B1BDFF22D003BF82E /* Renderer.swift in Sources */ = {isa = PBXBuildFile; fileRef = 5F7BD97A1BDFF22D003BF82E /* Renderer.swift */; };
		5F7BD97D1BDFF44A003BF82E /* GameState.swift in Sources */ = {isa = PBXBuildFile; fileRef = 5F7BD97C1BDFF44A003BF82E /* GameState.swift */; };
		5F7BD9801BE6B758003BF82E /* RemoteEngineConnection.swift in Sources */ = {isa = PBXBuildFile; fileRef = 5F7BD97F1BE6B758003BF82E /* RemoteEngineConnection.swift */; };
		5F7BD9841BE6BFD3003BF82E /* Input.swift in Sources */ = {isa = PBXBuildFile; fileRef = 5F7BD9821BE6B87C003BF82E /* Input.swift */; };
		5F7BD9861BEA6C56003BF82E /* EngineController.swift in Sources */ = {isa = PBXBuildFile; fileRef = 5F7BD9851BEA6C56003BF82E /* EngineController.swift */; };
		5F8FF21F1BD2F00300752515 /* MenuScene.swift in Sources */ = {isa = PBXBuildFile; fileRef = 5F8FF21E1BD2F00300752515 /* MenuScene.swift */; };
		5F96A3BA1BFBCCB9004AE577 /* Box2D.framework in Frameworks */ = {isa = PBXBuildFile; fileRef = 5F96A3B91BFBCCB9004AE577 /* Box2D.framework */; };
		5F96A3BF1BFBCFA7004AE577 /* B2DWorld.mm in Sources */ = {isa = PBXBuildFile; fileRef = 5F96A3BE1BFBCFA7004AE577 /* B2DWorld.mm */; };
		5F96A3FE1BFD11C6004AE577 /* Box2D.framework in Embed Frameworks */ = {isa = PBXBuildFile; fileRef = 5F96A3B91BFBCCB9004AE577 /* Box2D.framework */; settings = {ATTRIBUTES = (CodeSignOnCopy, RemoveHeadersOnCopy, ); }; };
		5F96A4011BFD1717004AE577 /* Actor.swift in Sources */ = {isa = PBXBuildFile; fileRef = 5F96A4001BFD1717004AE577 /* Actor.swift */; };
		5F96A4041C007EEA004AE577 /* LevelGeneratorScene.swift in Sources */ = {isa = PBXBuildFile; fileRef = 5F96A4031C007EEA004AE577 /* LevelGeneratorScene.swift */; };
		5F96A4061C00835D004AE577 /* DiamondSquare.swift in Sources */ = {isa = PBXBuildFile; fileRef = 5F96A4051C00835D004AE577 /* DiamondSquare.swift */; };
		5FA9F21D1BD7EE2400183A56 /* Router.swift in Sources */ = {isa = PBXBuildFile; fileRef = 5FA9F21C1BD7EE2400183A56 /* Router.swift */; };
		5FAE4A251C0CC39100530652 /* Body.swift in Sources */ = {isa = PBXBuildFile; fileRef = 5FAE4A241C0CC39100530652 /* Body.swift */; };
		5FAE4A281C0CC8D600530652 /* B2DStructs.m in Sources */ = {isa = PBXBuildFile; fileRef = 5FAE4A271C0CC8D600530652 /* B2DStructs.m */; };
		5FAF6C7A1C021C5B00BBAF8A /* Level.swift in Sources */ = {isa = PBXBuildFile; fileRef = 5FAF6C791C021C5B00BBAF8A /* Level.swift */; };
		5FAF6C7C1C021DA900BBAF8A /* Platform.swift in Sources */ = {isa = PBXBuildFile; fileRef = 5FAF6C7B1C021DA900BBAF8A /* Platform.swift */; };
		5FAF6C7E1C0223A300BBAF8A /* LevelStructs.swift in Sources */ = {isa = PBXBuildFile; fileRef = 5FAF6C7D1C0223A300BBAF8A /* LevelStructs.swift */; };
		5FEB7C8D1BD3EFF1005061D9 /* MainMenuModel.swift in Sources */ = {isa = PBXBuildFile; fileRef = 5FEB7C8C1BD3EFF1005061D9 /* MainMenuModel.swift */; };
/* End PBXBuildFile section */

/* Begin PBXCopyFilesBuildPhase section */
		5F77C3E51BDA69D20059B69F /* Embed Frameworks */ = {
			isa = PBXCopyFilesBuildPhase;
			buildActionMask = 2147483647;
			dstPath = "";
			dstSubfolderSpec = 10;
			files = (
				5F77C3DC1BDA69D20059B69F /* BrightFutures.framework in Embed Frameworks */,
				5F77C3E01BDA69D20059B69F /* OpenEmuSystem.framework in Embed Frameworks */,
				5F96A3FE1BFD11C6004AE577 /* Box2D.framework in Embed Frameworks */,
				5F77C3DE1BDA69D20059B69F /* OpenEmuBase.framework in Embed Frameworks */,
				5F77C3E21BDA69D20059B69F /* Result.framework in Embed Frameworks */,
			);
			name = "Embed Frameworks";
			runOnlyForDeploymentPostprocessing = 0;
		};
/* End PBXCopyFilesBuildPhase section */

/* Begin PBXFileReference section */
		5F01B34A1BDBC252005A7F8B /* Player.swift */ = {isa = PBXFileReference; fileEncoding = 4; lastKnownFileType = sourcecode.swift; path = Player.swift; sourceTree = "<group>"; };
		5F16AC891C04F96100D220D6 /* B2DBody.h */ = {isa = PBXFileReference; fileEncoding = 4; lastKnownFileType = sourcecode.c.h; path = B2DBody.h; sourceTree = "<group>"; };
		5F16AC8A1C04F96100D220D6 /* B2DBody.mm */ = {isa = PBXFileReference; fileEncoding = 4; lastKnownFileType = sourcecode.cpp.objcpp; path = B2DBody.mm; sourceTree = "<group>"; };
		5F17AB181BD6C128006A9125 /* TileMap.swift */ = {isa = PBXFileReference; fileEncoding = 4; lastKnownFileType = sourcecode.swift; path = TileMap.swift; sourceTree = "<group>"; };
		5F1C3FA31BC9896E00034E2E /* AppDelegate.swift */ = {isa = PBXFileReference; fileEncoding = 4; lastKnownFileType = sourcecode.swift; path = AppDelegate.swift; sourceTree = "<group>"; };
		5F1C3FA51BC9896E00034E2E /* Base */ = {isa = PBXFileReference; lastKnownFileType = file.xib; name = Base; path = Base.lproj/MainMenu.xib; sourceTree = "<group>"; };
		5F1C3FA71BC9896E00034E2E /* Controller-Database.plist */ = {isa = PBXFileReference; fileEncoding = 4; lastKnownFileType = text.plist.xml; path = "Controller-Database.plist"; sourceTree = "<group>"; };
		5F1C3FA81BC9896E00034E2E /* DeviceAction.swift */ = {isa = PBXFileReference; fileEncoding = 4; lastKnownFileType = sourcecode.swift; path = DeviceAction.swift; sourceTree = "<group>"; };
		5F1C3FA91BC9896E00034E2E /* DeviceConfiguration.swift */ = {isa = PBXFileReference; fileEncoding = 4; lastKnownFileType = sourcecode.swift; path = DeviceConfiguration.swift; sourceTree = "<group>"; };
		5F1C3FAA1BC9896E00034E2E /* DSExtensions.swift */ = {isa = PBXFileReference; fileEncoding = 4; lastKnownFileType = sourcecode.swift; path = DSExtensions.swift; sourceTree = "<group>"; };
		5F1C3FAB1BC9896E00034E2E /* EventsController.swift */ = {isa = PBXFileReference; fileEncoding = 4; lastKnownFileType = sourcecode.swift; path = EventsController.swift; sourceTree = "<group>"; };
		5F1C40041BC9896E00034E2E /* README.md */ = {isa = PBXFileReference; fileEncoding = 4; lastKnownFileType = net.daringfireball.markdown; path = README.md; sourceTree = "<group>"; };
		5F1C40061BC9896E00034E2E /* Images.xcassets */ = {isa = PBXFileReference; lastKnownFileType = folder.assetcatalog; path = Images.xcassets; sourceTree = "<group>"; };
		5F1C40071BC9896E00034E2E /* Info.plist */ = {isa = PBXFileReference; fileEncoding = 4; lastKnownFileType = text.plist.xml; path = Info.plist; sourceTree = "<group>"; };
		5F1C400A1BC9896E00034E2E /* LevelGenerator.swift */ = {isa = PBXFileReference; fileEncoding = 4; lastKnownFileType = sourcecode.swift; path = LevelGenerator.swift; sourceTree = "<group>"; };
		5F1C405F1BC99B4100034E2E /* MenuModel.swift */ = {isa = PBXFileReference; fileEncoding = 4; lastKnownFileType = sourcecode.swift; path = MenuModel.swift; sourceTree = "<group>"; };
		5F219DB41BD021D700CBB10F /* Cartfile */ = {isa = PBXFileReference; fileEncoding = 4; lastKnownFileType = text; name = Cartfile; path = ../Cartfile; sourceTree = "<group>"; };
		5F219DBE1BD02E7300CBB10F /* NavigationController.swift */ = {isa = PBXFileReference; fileEncoding = 4; lastKnownFileType = sourcecode.swift; path = NavigationController.swift; sourceTree = "<group>"; };
		5F4FB5161BDAA38F00F19CD8 /* Cartfile.resolved */ = {isa = PBXFileReference; lastKnownFileType = text; path = Cartfile.resolved; sourceTree = SOURCE_ROOT; };
		5F4FB5171BDAE6BE00F19CD8 /* BaseScene.swift */ = {isa = PBXFileReference; fileEncoding = 4; lastKnownFileType = sourcecode.swift; path = BaseScene.swift; sourceTree = "<group>"; };
		5F5C540D1C0AF2B200FFFFCA /* World.swift */ = {isa = PBXFileReference; fileEncoding = 4; lastKnownFileType = sourcecode.swift; path = World.swift; sourceTree = "<group>"; };
		5F5C540F1C0AFA6B00FFFFCA /* B2DPhysics.h */ = {isa = PBXFileReference; lastKnownFileType = sourcecode.c.h; path = B2DPhysics.h; sourceTree = "<group>"; };
		5F6C71F71BEF647C00BAFFB2 /* HeroSelectScene.swift */ = {isa = PBXFileReference; fileEncoding = 4; lastKnownFileType = sourcecode.swift; path = HeroSelectScene.swift; sourceTree = "<group>"; };
		5F6C71FA1BEF707700BAFFB2 /* Hero.swift */ = {isa = PBXFileReference; fileEncoding = 4; lastKnownFileType = sourcecode.swift; path = Hero.swift; sourceTree = "<group>"; };
		5F6C71FD1BEF78FD00BAFFB2 /* Heroes.swift */ = {isa = PBXFileReference; fileEncoding = 4; lastKnownFileType = sourcecode.swift; path = Heroes.swift; sourceTree = "<group>"; };
		5F77C3C71BDA69BA0059B69F /* BrightFutures.framework */ = {isa = PBXFileReference; lastKnownFileType = wrapper.framework; path = BrightFutures.framework; sourceTree = "<group>"; };
		5F77C3C81BDA69BA0059B69F /* OpenEmuBase.framework */ = {isa = PBXFileReference; lastKnownFileType = wrapper.framework; path = OpenEmuBase.framework; sourceTree = "<group>"; };
		5F77C3C91BDA69BA0059B69F /* OpenEmuSystem.framework */ = {isa = PBXFileReference; lastKnownFileType = wrapper.framework; path = OpenEmuSystem.framework; sourceTree = "<group>"; };
		5F77C3CA1BDA69BA0059B69F /* Result.framework */ = {isa = PBXFileReference; lastKnownFileType = wrapper.framework; path = Result.framework; sourceTree = "<group>"; };
		5F77C3E61BDA715D0059B69F /* Utilities.swift */ = {isa = PBXFileReference; fileEncoding = 4; lastKnownFileType = sourcecode.swift; path = Utilities.swift; sourceTree = "<group>"; };
		5F7BD9761BDFE21A003BF82E /* PlatformerScene.swift */ = {isa = PBXFileReference; fileEncoding = 4; lastKnownFileType = sourcecode.swift; path = PlatformerScene.swift; sourceTree = "<group>"; };
		5F7BD9781BDFEE9B003BF82E /* Engine.swift */ = {isa = PBXFileReference; fileEncoding = 4; lastKnownFileType = sourcecode.swift; path = Engine.swift; sourceTree = "<group>"; };
		5F7BD97A1BDFF22D003BF82E /* Renderer.swift */ = {isa = PBXFileReference; fileEncoding = 4; lastKnownFileType = sourcecode.swift; path = Renderer.swift; sourceTree = "<group>"; };
		5F7BD97C1BDFF44A003BF82E /* GameState.swift */ = {isa = PBXFileReference; fileEncoding = 4; lastKnownFileType = sourcecode.swift; path = GameState.swift; sourceTree = "<group>"; };
		5F7BD97F1BE6B758003BF82E /* RemoteEngineConnection.swift */ = {isa = PBXFileReference; fileEncoding = 4; lastKnownFileType = sourcecode.swift; path = RemoteEngineConnection.swift; sourceTree = "<group>"; };
		5F7BD9821BE6B87C003BF82E /* Input.swift */ = {isa = PBXFileReference; fileEncoding = 4; lastKnownFileType = sourcecode.swift; path = Input.swift; sourceTree = "<group>"; };
		5F7BD9851BEA6C56003BF82E /* EngineController.swift */ = {isa = PBXFileReference; fileEncoding = 4; lastKnownFileType = sourcecode.swift; path = EngineController.swift; sourceTree = "<group>"; };
		5F88DFC31B0330E6003495C3 /* Magikombat.app */ = {isa = PBXFileReference; explicitFileType = wrapper.application; includeInIndex = 0; path = Magikombat.app; sourceTree = BUILT_PRODUCTS_DIR; };
		5F8FF21E1BD2F00300752515 /* MenuScene.swift */ = {isa = PBXFileReference; fileEncoding = 4; lastKnownFileType = sourcecode.swift; path = MenuScene.swift; sourceTree = "<group>"; };
		5F96A3B91BFBCCB9004AE577 /* Box2D.framework */ = {isa = PBXFileReference; lastKnownFileType = wrapper.framework; path = Box2D.framework; sourceTree = "<group>"; };
		5F96A3BD1BFBCFA7004AE577 /* B2DWorld.h */ = {isa = PBXFileReference; fileEncoding = 4; lastKnownFileType = sourcecode.c.h; path = B2DWorld.h; sourceTree = "<group>"; };
		5F96A3BE1BFBCFA7004AE577 /* B2DWorld.mm */ = {isa = PBXFileReference; fileEncoding = 4; lastKnownFileType = sourcecode.cpp.objcpp; path = B2DWorld.mm; sourceTree = "<group>"; };
		5F96A3FF1BFD1242004AE577 /* Bridging-Header.h */ = {isa = PBXFileReference; lastKnownFileType = sourcecode.c.h; path = "Bridging-Header.h"; sourceTree = "<group>"; };
		5F96A4001BFD1717004AE577 /* Actor.swift */ = {isa = PBXFileReference; fileEncoding = 4; lastKnownFileType = sourcecode.swift; path = Actor.swift; sourceTree = "<group>"; };
		5F96A4031C007EEA004AE577 /* LevelGeneratorScene.swift */ = {isa = PBXFileReference; fileEncoding = 4; lastKnownFileType = sourcecode.swift; path = LevelGeneratorScene.swift; sourceTree = "<group>"; };
		5F96A4051C00835D004AE577 /* DiamondSquare.swift */ = {isa = PBXFileReference; fileEncoding = 4; lastKnownFileType = sourcecode.swift; path = DiamondSquare.swift; sourceTree = "<group>"; };
		5FA9F21C1BD7EE2400183A56 /* Router.swift */ = {isa = PBXFileReference; fileEncoding = 4; lastKnownFileType = sourcecode.swift; path = Router.swift; sourceTree = "<group>"; };
		5FAE4A241C0CC39100530652 /* Body.swift */ = {isa = PBXFileReference; fileEncoding = 4; lastKnownFileType = sourcecode.swift; path = Body.swift; sourceTree = "<group>"; };
		5FAE4A261C0CC8D600530652 /* B2DStructs.h */ = {isa = PBXFileReference; fileEncoding = 4; lastKnownFileType = sourcecode.c.h; path = B2DStructs.h; sourceTree = "<group>"; };
		5FAE4A271C0CC8D600530652 /* B2DStructs.m */ = {isa = PBXFileReference; fileEncoding = 4; lastKnownFileType = sourcecode.c.objc; path = B2DStructs.m; sourceTree = "<group>"; };
		5FAF6C791C021C5B00BBAF8A /* Level.swift */ = {isa = PBXFileReference; fileEncoding = 4; lastKnownFileType = sourcecode.swift; path = Level.swift; sourceTree = "<group>"; };
		5FAF6C7B1C021DA900BBAF8A /* Platform.swift */ = {isa = PBXFileReference; fileEncoding = 4; lastKnownFileType = sourcecode.swift; path = Platform.swift; sourceTree = "<group>"; };
		5FAF6C7D1C0223A300BBAF8A /* LevelStructs.swift */ = {isa = PBXFileReference; fileEncoding = 4; lastKnownFileType = sourcecode.swift; path = LevelStructs.swift; sourceTree = "<group>"; };
		5FEB7C8C1BD3EFF1005061D9 /* MainMenuModel.swift */ = {isa = PBXFileReference; fileEncoding = 4; lastKnownFileType = sourcecode.swift; path = MainMenuModel.swift; sourceTree = "<group>"; };
/* End PBXFileReference section */

/* Begin PBXFrameworksBuildPhase section */
		5F88DFC01B0330E6003495C3 /* Frameworks */ = {
			isa = PBXFrameworksBuildPhase;
			buildActionMask = 2147483647;
			files = (
				5F77C3DB1BDA69D20059B69F /* BrightFutures.framework in Frameworks */,
				5F77C3DF1BDA69D20059B69F /* OpenEmuSystem.framework in Frameworks */,
				5F96A3BA1BFBCCB9004AE577 /* Box2D.framework in Frameworks */,
				5F77C3DD1BDA69D20059B69F /* OpenEmuBase.framework in Frameworks */,
				5F77C3E11BDA69D20059B69F /* Result.framework in Frameworks */,
			);
			runOnlyForDeploymentPostprocessing = 0;
		};
/* End PBXFrameworksBuildPhase section */

/* Begin PBXGroup section */
		5F01B3491BDBC1F8005A7F8B /* Game Models */ = {
			isa = PBXGroup;
			children = (
				5F01B34A1BDBC252005A7F8B /* Player.swift */,
				5F6C71FA1BEF707700BAFFB2 /* Hero.swift */,
				5F6C71FC1BEF78EF00BAFFB2 /* Heroes */,
			);
			name = "Game Models";
			path = GameModels;
			sourceTree = "<group>";
		};
		5F1C3FA21BC9896E00034E2E /* Magikombat */ = {
			isa = PBXGroup;
			children = (
				5F1C40561BC9907000034E2E /* System */,
				5F601CBC1BFBBA71008DA324 /* Physics */,
				5F1C3FA61BC9896E00034E2E /* GamepadKit */,
				5F219DBD1BD02E4800CBB10F /* Navigation Controller */,
				5F1C404F1BC9898C00034E2E /* Menu */,
				5F1C40081BC9896E00034E2E /* LevelKit */,
				5F01B3491BDBC1F8005A7F8B /* Game Models */,
				5F1C400F1BC9896E00034E2E /* Game Scenes */,
				5F7BD9811BE6B7E8003BF82E /* Engine */,
				5F7BD97E1BE6B724003BF82E /* Networking */,
				5F1C3FA31BC9896E00034E2E /* AppDelegate.swift */,
				5F96A3FF1BFD1242004AE577 /* Bridging-Header.h */,
				5F1C3FA41BC9896E00034E2E /* MainMenu.xib */,
				5F1C40061BC9896E00034E2E /* Images.xcassets */,
				5F1C40071BC9896E00034E2E /* Info.plist */,
			);
			path = Magikombat;
			sourceTree = "<group>";
		};
		5F1C3FA61BC9896E00034E2E /* GamepadKit */ = {
			isa = PBXGroup;
			children = (
				5F1C3FA71BC9896E00034E2E /* Controller-Database.plist */,
				5F1C3FA81BC9896E00034E2E /* DeviceAction.swift */,
				5F1C3FA91BC9896E00034E2E /* DeviceConfiguration.swift */,
				5F1C3FAA1BC9896E00034E2E /* DSExtensions.swift */,
				5F1C3FAB1BC9896E00034E2E /* EventsController.swift */,
				5F1C40041BC9896E00034E2E /* README.md */,
			);
			path = GamepadKit;
			sourceTree = "<group>";
		};
		5F1C40081BC9896E00034E2E /* LevelKit */ = {
			isa = PBXGroup;
			children = (
				5FAF6C791C021C5B00BBAF8A /* Level.swift */,
				5FAF6C7B1C021DA900BBAF8A /* Platform.swift */,
				5F17AB181BD6C128006A9125 /* TileMap.swift */,
				5F1C400A1BC9896E00034E2E /* LevelGenerator.swift */,
				5FAF6C7D1C0223A300BBAF8A /* LevelStructs.swift */,
				5F96A4051C00835D004AE577 /* DiamondSquare.swift */,
			);
			path = LevelKit;
			sourceTree = "<group>";
		};
		5F1C400F1BC9896E00034E2E /* Game Scenes */ = {
			isa = PBXGroup;
			children = (
				5F96A4021C007E83004AE577 /* Level Generator */,
				5F6C71F91BEF648100BAFFB2 /* Hero Select */,
				5F7BD9751BDFE1FF003BF82E /* Game Level */,
			);
			name = "Game Scenes";
			path = GameScenes;
			sourceTree = "<group>";
		};
		5F1C404F1BC9898C00034E2E /* Menu */ = {
			isa = PBXGroup;
			children = (
				5F1C405F1BC99B4100034E2E /* MenuModel.swift */,
				5F8FF21E1BD2F00300752515 /* MenuScene.swift */,
				5FEB7C8C1BD3EFF1005061D9 /* MainMenuModel.swift */,
			);
			path = Menu;
			sourceTree = "<group>";
		};
		5F1C40561BC9907000034E2E /* System */ = {
			isa = PBXGroup;
			children = (
				5F77C3E61BDA715D0059B69F /* Utilities.swift */,
			);
			path = System;
			sourceTree = "<group>";
		};
		5F219DBD1BD02E4800CBB10F /* Navigation Controller */ = {
			isa = PBXGroup;
			children = (
				5F219DBE1BD02E7300CBB10F /* NavigationController.swift */,
				5FA9F21C1BD7EE2400183A56 /* Router.swift */,
				5F4FB5171BDAE6BE00F19CD8 /* BaseScene.swift */,
			);
			name = "Navigation Controller";
			path = NavigationController;
			sourceTree = "<group>";
		};
		5F5C540C1C0AF21E00FFFFCA /* Wrapper */ = {
			isa = PBXGroup;
			children = (
				5F5C540F1C0AFA6B00FFFFCA /* B2DPhysics.h */,
				5F96A3BD1BFBCFA7004AE577 /* B2DWorld.h */,
				5F96A3BE1BFBCFA7004AE577 /* B2DWorld.mm */,
				5F16AC891C04F96100D220D6 /* B2DBody.h */,
				5F16AC8A1C04F96100D220D6 /* B2DBody.mm */,
				5FAE4A261C0CC8D600530652 /* B2DStructs.h */,
				5FAE4A271C0CC8D600530652 /* B2DStructs.m */,
			);
			path = Wrapper;
			sourceTree = "<group>";
		};
		5F601CBC1BFBBA71008DA324 /* Physics */ = {
			isa = PBXGroup;
			children = (
				5F5C540C1C0AF21E00FFFFCA /* Wrapper */,
				5F5C540D1C0AF2B200FFFFCA /* World.swift */,
				5FAE4A241C0CC39100530652 /* Body.swift */,
			);
			path = Physics;
			sourceTree = "<group>";
		};
		5F6C71F91BEF648100BAFFB2 /* Hero Select */ = {
			isa = PBXGroup;
			children = (
				5F6C71F71BEF647C00BAFFB2 /* HeroSelectScene.swift */,
			);
			name = "Hero Select";
			sourceTree = "<group>";
		};
		5F6C71FC1BEF78EF00BAFFB2 /* Heroes */ = {
			isa = PBXGroup;
			children = (
				5F6C71FD1BEF78FD00BAFFB2 /* Heroes.swift */,
			);
			name = Heroes;
			sourceTree = "<group>";
		};
		5F77C3B81BDA66100059B69F /* Carthage */ = {
			isa = PBXGroup;
			children = (
				5F219DB41BD021D700CBB10F /* Cartfile */,
				5F4FB5161BDAA38F00F19CD8 /* Cartfile.resolved */,
				5F77C3B91BDA66620059B69F /* Mac */,
			);
			path = Carthage;
			sourceTree = "<group>";
		};
		5F77C3B91BDA66620059B69F /* Mac */ = {
			isa = PBXGroup;
			children = (
				5F96A3B91BFBCCB9004AE577 /* Box2D.framework */,
				5F77C3C71BDA69BA0059B69F /* BrightFutures.framework */,
				5F77C3C81BDA69BA0059B69F /* OpenEmuBase.framework */,
				5F77C3C91BDA69BA0059B69F /* OpenEmuSystem.framework */,
				5F77C3CA1BDA69BA0059B69F /* Result.framework */,
			);
			name = Mac;
			path = Build/Mac;
			sourceTree = "<group>";
		};
		5F7BD9751BDFE1FF003BF82E /* Game Level */ = {
			isa = PBXGroup;
			children = (
				5F7BD9761BDFE21A003BF82E /* PlatformerScene.swift */,
				5F7BD97A1BDFF22D003BF82E /* Renderer.swift */,
			);
			name = "Game Level";
			sourceTree = "<group>";
		};
		5F7BD97E1BE6B724003BF82E /* Networking */ = {
			isa = PBXGroup;
			children = (
				5F7BD97F1BE6B758003BF82E /* RemoteEngineConnection.swift */,
			);
			path = Networking;
			sourceTree = "<group>";
		};
		5F7BD9811BE6B7E8003BF82E /* Engine */ = {
			isa = PBXGroup;
			children = (
				5F7BD9851BEA6C56003BF82E /* EngineController.swift */,
				5F7BD9781BDFEE9B003BF82E /* Engine.swift */,
				5F7BD97C1BDFF44A003BF82E /* GameState.swift */,
				5F7BD9821BE6B87C003BF82E /* Input.swift */,
				5F96A4001BFD1717004AE577 /* Actor.swift */,
			);
			path = Engine;
			sourceTree = "<group>";
		};
		5F88DFBA1B0330E6003495C3 = {
			isa = PBXGroup;
			children = (
				5F77C3B81BDA66100059B69F /* Carthage */,
				5F1C3FA21BC9896E00034E2E /* Magikombat */,
				5F88DFC41B0330E6003495C3 /* Products */,
			);
			sourceTree = "<group>";
		};
		5F88DFC41B0330E6003495C3 /* Products */ = {
			isa = PBXGroup;
			children = (
				5F88DFC31B0330E6003495C3 /* Magikombat.app */,
			);
			name = Products;
			sourceTree = "<group>";
		};
		5F96A4021C007E83004AE577 /* Level Generator */ = {
			isa = PBXGroup;
			children = (
				5F96A4031C007EEA004AE577 /* LevelGeneratorScene.swift */,
			);
			name = "Level Generator";
			sourceTree = "<group>";
		};
/* End PBXGroup section */

/* Begin PBXNativeTarget section */
		5F88DFC21B0330E6003495C3 /* Magikombat */ = {
			isa = PBXNativeTarget;
			buildConfigurationList = 5F88DFE11B0330E6003495C3 /* Build configuration list for PBXNativeTarget "Magikombat" */;
			buildPhases = (
				5F88DFBF1B0330E6003495C3 /* Sources */,
				5F88DFC01B0330E6003495C3 /* Frameworks */,
				5F88DFC11B0330E6003495C3 /* Resources */,
				5F219DC21BD0306200CBB10F /* ShellScript */,
				5F77C3E51BDA69D20059B69F /* Embed Frameworks */,
			);
			buildRules = (
			);
			dependencies = (
			);
			name = Magikombat;
			productName = Magikombat;
			productReference = 5F88DFC31B0330E6003495C3 /* Magikombat.app */;
			productType = "com.apple.product-type.application";
		};
/* End PBXNativeTarget section */

/* Begin PBXProject section */
		5F88DFBB1B0330E6003495C3 /* Project object */ = {
			isa = PBXProject;
			attributes = {
				LastSwiftMigration = 0700;
				LastSwiftUpdateCheck = 0700;
				LastUpgradeCheck = 0710;
				ORGANIZATIONNAME = P0ed;
				TargetAttributes = {
					5F88DFC21B0330E6003495C3 = {
						CreatedOnToolsVersion = 6.3.1;
					};
				};
			};
			buildConfigurationList = 5F88DFBE1B0330E6003495C3 /* Build configuration list for PBXProject "Magikombat" */;
			compatibilityVersion = "Xcode 3.2";
			developmentRegion = English;
			hasScannedForEncodings = 0;
			knownRegions = (
				en,
				Base,
			);
			mainGroup = 5F88DFBA1B0330E6003495C3;
			productRefGroup = 5F88DFC41B0330E6003495C3 /* Products */;
			projectDirPath = "";
			projectRoot = "";
			targets = (
				5F88DFC21B0330E6003495C3 /* Magikombat */,
			);
		};
/* End PBXProject section */

/* Begin PBXResourcesBuildPhase section */
		5F88DFC11B0330E6003495C3 /* Resources */ = {
			isa = PBXResourcesBuildPhase;
			buildActionMask = 2147483647;
			files = (
				5F1C40411BC9896E00034E2E /* Images.xcassets in Resources */,
				5F1C40131BC9896E00034E2E /* MainMenu.xib in Resources */,
				5F1C40141BC9896E00034E2E /* Controller-Database.plist in Resources */,
			);
			runOnlyForDeploymentPostprocessing = 0;
		};
/* End PBXResourcesBuildPhase section */

/* Begin PBXShellScriptBuildPhase section */
		5F219DC21BD0306200CBB10F /* ShellScript */ = {
			isa = PBXShellScriptBuildPhase;
			buildActionMask = 2147483647;
			files = (
			);
			inputPaths = (
			);
			outputPaths = (
			);
			runOnlyForDeploymentPostprocessing = 0;
			shellPath = /bin/sh;
			shellScript = "/usr/local/bin/carthage copy-frameworks\n";
		};
/* End PBXShellScriptBuildPhase section */

/* Begin PBXSourcesBuildPhase section */
		5F88DFBF1B0330E6003495C3 /* Sources */ = {
			isa = PBXSourcesBuildPhase;
			buildActionMask = 2147483647;
			files = (
				5F219DBF1BD02E7300CBB10F /* NavigationController.swift in Sources */,
				5F4FB5181BDAE6BE00F19CD8 /* BaseScene.swift in Sources */,
				5F1C40441BC9896E00034E2E /* LevelGenerator.swift in Sources */,
				5FAE4A281C0CC8D600530652 /* B2DStructs.m in Sources */,
				5F1C40171BC9896E00034E2E /* DSExtensions.swift in Sources */,
				5F7BD97B1BDFF22D003BF82E /* Renderer.swift in Sources */,
				5F96A4041C007EEA004AE577 /* LevelGeneratorScene.swift in Sources */,
				5F96A3BF1BFBCFA7004AE577 /* B2DWorld.mm in Sources */,
				5F96A4061C00835D004AE577 /* DiamondSquare.swift in Sources */,
				5F16AC8B1C04F96100D220D6 /* B2DBody.mm in Sources */,
				5F17AB1A1BD6C128006A9125 /* TileMap.swift in Sources */,
				5F1C40601BC99B4100034E2E /* MenuModel.swift in Sources */,
				5F7BD9801BE6B758003BF82E /* RemoteEngineConnection.swift in Sources */,
				5F7BD9791BDFEE9B003BF82E /* Engine.swift in Sources */,
				5F77C3E71BDA715D0059B69F /* Utilities.swift in Sources */,
				5F8FF21F1BD2F00300752515 /* MenuScene.swift in Sources */,
				5F6C71F81BEF647C00BAFFB2 /* HeroSelectScene.swift in Sources */,
				5F7BD9771BDFE21A003BF82E /* PlatformerScene.swift in Sources */,
				5F1C40121BC9896E00034E2E /* AppDelegate.swift in Sources */,
				5F5C540E1C0AF2B200FFFFCA /* World.swift in Sources */,
				5F96A4011BFD1717004AE577 /* Actor.swift in Sources */,
				5FAF6C7A1C021C5B00BBAF8A /* Level.swift in Sources */,
				5F6C71FB1BEF707700BAFFB2 /* Hero.swift in Sources */,
				5FA9F21D1BD7EE2400183A56 /* Router.swift in Sources */,
				5FEB7C8D1BD3EFF1005061D9 /* MainMenuModel.swift in Sources */,
				5F7BD9861BEA6C56003BF82E /* EngineController.swift in Sources */,
				5F1C40151BC9896E00034E2E /* DeviceAction.swift in Sources */,
				5F1C40161BC9896E00034E2E /* DeviceConfiguration.swift in Sources */,
				5F01B34B1BDBC252005A7F8B /* Player.swift in Sources */,
				5FAF6C7C1C021DA900BBAF8A /* Platform.swift in Sources */,
				5FAE4A251C0CC39100530652 /* Body.swift in Sources */,
				5F7BD97D1BDFF44A003BF82E /* GameState.swift in Sources */,
				5F6C71FE1BEF78FD00BAFFB2 /* Heroes.swift in Sources */,
				5FAF6C7E1C0223A300BBAF8A /* LevelStructs.swift in Sources */,
				5F7BD9841BE6BFD3003BF82E /* Input.swift in Sources */,
				5F1C40181BC9896E00034E2E /* EventsController.swift in Sources */,
			);
			runOnlyForDeploymentPostprocessing = 0;
		};
/* End PBXSourcesBuildPhase section */

/* Begin PBXVariantGroup section */
		5F1C3FA41BC9896E00034E2E /* MainMenu.xib */ = {
			isa = PBXVariantGroup;
			children = (
				5F1C3FA51BC9896E00034E2E /* Base */,
			);
			name = MainMenu.xib;
			sourceTree = "<group>";
		};
/* End PBXVariantGroup section */

/* Begin XCBuildConfiguration section */
		5F88DFDF1B0330E6003495C3 /* Debug */ = {
			isa = XCBuildConfiguration;
			buildSettings = {
				ALWAYS_SEARCH_USER_PATHS = NO;
				CLANG_CXX_LANGUAGE_STANDARD = "gnu++0x";
				CLANG_CXX_LIBRARY = "libc++";
				CLANG_ENABLE_MODULES = YES;
				CLANG_ENABLE_OBJC_ARC = YES;
				CLANG_WARN_BOOL_CONVERSION = YES;
				CLANG_WARN_CONSTANT_CONVERSION = YES;
				CLANG_WARN_DIRECT_OBJC_ISA_USAGE = YES_ERROR;
				CLANG_WARN_EMPTY_BODY = YES;
				CLANG_WARN_ENUM_CONVERSION = YES;
				CLANG_WARN_INT_CONVERSION = YES;
				CLANG_WARN_OBJC_ROOT_CLASS = YES_ERROR;
				CLANG_WARN_UNREACHABLE_CODE = YES;
				CLANG_WARN__DUPLICATE_METHOD_MATCH = YES;
				CODE_SIGN_IDENTITY = "-";
				COPY_PHASE_STRIP = NO;
				DEBUG_INFORMATION_FORMAT = dwarf;
				ENABLE_STRICT_OBJC_MSGSEND = YES;
				ENABLE_TESTABILITY = YES;
				GCC_C_LANGUAGE_STANDARD = gnu99;
				GCC_DYNAMIC_NO_PIC = NO;
				GCC_NO_COMMON_BLOCKS = YES;
				GCC_OPTIMIZATION_LEVEL = 0;
				GCC_PREPROCESSOR_DEFINITIONS = (
					"DEBUG=1",
					"$(inherited)",
				);
				GCC_SYMBOLS_PRIVATE_EXTERN = NO;
				GCC_WARN_64_TO_32_BIT_CONVERSION = YES;
				GCC_WARN_ABOUT_RETURN_TYPE = YES_ERROR;
				GCC_WARN_UNDECLARED_SELECTOR = YES;
				GCC_WARN_UNINITIALIZED_AUTOS = YES_AGGRESSIVE;
				GCC_WARN_UNUSED_FUNCTION = YES;
				GCC_WARN_UNUSED_VARIABLE = YES;
				MACOSX_DEPLOYMENT_TARGET = 10.11;
				MTL_ENABLE_DEBUG_INFO = YES;
				ONLY_ACTIVE_ARCH = YES;
				SDKROOT = macosx;
				SWIFT_OPTIMIZATION_LEVEL = "-Onone";
			};
			name = Debug;
		};
		5F88DFE01B0330E6003495C3 /* Release */ = {
			isa = XCBuildConfiguration;
			buildSettings = {
				ALWAYS_SEARCH_USER_PATHS = NO;
				CLANG_CXX_LANGUAGE_STANDARD = "gnu++0x";
				CLANG_CXX_LIBRARY = "libc++";
				CLANG_ENABLE_MODULES = YES;
				CLANG_ENABLE_OBJC_ARC = YES;
				CLANG_WARN_BOOL_CONVERSION = YES;
				CLANG_WARN_CONSTANT_CONVERSION = YES;
				CLANG_WARN_DIRECT_OBJC_ISA_USAGE = YES_ERROR;
				CLANG_WARN_EMPTY_BODY = YES;
				CLANG_WARN_ENUM_CONVERSION = YES;
				CLANG_WARN_INT_CONVERSION = YES;
				CLANG_WARN_OBJC_ROOT_CLASS = YES_ERROR;
				CLANG_WARN_UNREACHABLE_CODE = YES;
				CLANG_WARN__DUPLICATE_METHOD_MATCH = YES;
				CODE_SIGN_IDENTITY = "-";
				COPY_PHASE_STRIP = NO;
				DEBUG_INFORMATION_FORMAT = "dwarf-with-dsym";
				ENABLE_NS_ASSERTIONS = NO;
				ENABLE_STRICT_OBJC_MSGSEND = YES;
				GCC_C_LANGUAGE_STANDARD = gnu99;
				GCC_NO_COMMON_BLOCKS = YES;
				GCC_WARN_64_TO_32_BIT_CONVERSION = YES;
				GCC_WARN_ABOUT_RETURN_TYPE = YES_ERROR;
				GCC_WARN_UNDECLARED_SELECTOR = YES;
				GCC_WARN_UNINITIALIZED_AUTOS = YES_AGGRESSIVE;
				GCC_WARN_UNUSED_FUNCTION = YES;
				GCC_WARN_UNUSED_VARIABLE = YES;
				MACOSX_DEPLOYMENT_TARGET = 10.11;
				MTL_ENABLE_DEBUG_INFO = NO;
				SDKROOT = macosx;
			};
			name = Release;
		};
		5F88DFE21B0330E6003495C3 /* Debug */ = {
			isa = XCBuildConfiguration;
			buildSettings = {
				ASSETCATALOG_COMPILER_APPICON_NAME = AppIcon;
				COMBINE_HIDPI_IMAGES = YES;
				FRAMEWORK_SEARCH_PATHS = (
					"$(PROJECT_DIR)/Magikombat/**",
					"$(PROJECT_DIR)/Carthage/Build/Mac",
				);
				HEADER_SEARCH_PATHS = (
					"$(inherited)",
					/Applications/Xcode.app/Contents/Developer/Toolchains/XcodeDefault.xctoolchain/usr/include,
					"$(PROJECT_DIR)/Magikombat/**",
				);
				INFOPLIST_FILE = Magikombat/Info.plist;
				LD_RUNPATH_SEARCH_PATHS = "$(inherited) @executable_path/../Frameworks";
				LIBRARY_SEARCH_PATHS = "$(PROJECT_DIR)/Magikombat/**";
				MACOSX_DEPLOYMENT_TARGET = 10.11;
				PRODUCT_BUNDLE_IDENTIFIER = "com.github.p0ed.$(PRODUCT_NAME:rfc1034identifier)";
				PRODUCT_NAME = "$(TARGET_NAME)";
				SWIFT_OBJC_BRIDGING_HEADER = "Magikombat/Bridging-Header.h";
				USER_HEADER_SEARCH_PATHS = "$(PROJECT_DIR)/**";
			};
			name = Debug;
		};
		5F88DFE31B0330E6003495C3 /* Release */ = {
			isa = XCBuildConfiguration;
			buildSettings = {
				ASSETCATALOG_COMPILER_APPICON_NAME = AppIcon;
				COMBINE_HIDPI_IMAGES = YES;
				FRAMEWORK_SEARCH_PATHS = (
					"$(PROJECT_DIR)/Magikombat/**",
					"$(PROJECT_DIR)/Carthage/Build/Mac",
				);
				HEADER_SEARCH_PATHS = (
					"$(inherited)",
					/Applications/Xcode.app/Contents/Developer/Toolchains/XcodeDefault.xctoolchain/usr/include,
					"$(PROJECT_DIR)/Magikombat/**",
				);
				INFOPLIST_FILE = Magikombat/Info.plist;
				LD_RUNPATH_SEARCH_PATHS = "$(inherited) @executable_path/../Frameworks";
				LIBRARY_SEARCH_PATHS = "$(PROJECT_DIR)/Magikombat/**";
				MACOSX_DEPLOYMENT_TARGET = 10.11;
				PRODUCT_BUNDLE_IDENTIFIER = "com.github.p0ed.$(PRODUCT_NAME:rfc1034identifier)";
				PRODUCT_NAME = "$(TARGET_NAME)";
				SWIFT_OBJC_BRIDGING_HEADER = "Magikombat/Bridging-Header.h";
				USER_HEADER_SEARCH_PATHS = "$(PROJECT_DIR)/**";
			};
			name = Release;
		};
/* End XCBuildConfiguration section */

/* Begin XCConfigurationList section */
		5F88DFBE1B0330E6003495C3 /* Build configuration list for PBXProject "Magikombat" */ = {
			isa = XCConfigurationList;
			buildConfigurations = (
				5F88DFDF1B0330E6003495C3 /* Debug */,
				5F88DFE01B0330E6003495C3 /* Release */,
			);
			defaultConfigurationIsVisible = 0;
			defaultConfigurationName = Release;
		};
		5F88DFE11B0330E6003495C3 /* Build configuration list for PBXNativeTarget "Magikombat" */ = {
			isa = XCConfigurationList;
			buildConfigurations = (
				5F88DFE21B0330E6003495C3 /* Debug */,
				5F88DFE31B0330E6003495C3 /* Release */,
			);
			defaultConfigurationIsVisible = 0;
			defaultConfigurationName = Release;
		};
/* End XCConfigurationList section */
	};
	rootObject = 5F88DFBB1B0330E6003495C3 /* Project object */;
}
